
Microsoft Visual Studio Solution File, Format Version 12.00
# Visual Studio Version 17
VisualStudioVersion = 17.10.35013.160
MinimumVisualStudioVersion = 10.0.40219.1
Project("{FAE04EC0-301F-11D3-BF4B-00C04F79EFBC}") = "BackendTestApi", "BackendTestApi\BackendTestApi.csproj", "{ECFC90A7-25C9-4CC6-8879-D77CFF921FEB}"
EndProject
Global
	GlobalSection(SolutionConfigurationPlatforms) = preSolution
		Debug|Any CPU = Debug|Any CPU
		Release|Any CPU = Release|Any CPU
	EndGlobalSection
	GlobalSection(ProjectConfigurationPlatforms) = postSolution
		{ECFC90A7-25C9-4CC6-8879-D77CFF921FEB}.Debug|Any CPU.ActiveCfg = Debug|Any CPU
		{ECFC90A7-25C9-4CC6-8879-D77CFF921FEB}.Debug|Any CPU.Build.0 = Debug|Any CPU
		{ECFC90A7-25C9-4CC6-8879-D77CFF921FEB}.Release|Any CPU.ActiveCfg = Release|Any CPU
		{ECFC90A7-25C9-4CC6-8879-D77CFF921FEB}.Release|Any CPU.Build.0 = Release|Any CPU
	EndGlobalSection
	GlobalSection(SolutionProperties) = preSolution
		HideSolutionNode = FALSE
	EndGlobalSection
	GlobalSection(ExtensibilityGlobals) = postSolution
		SolutionGuid = {EC4D8180-2211-46F5-8CC7-FC87DDBE1F13}
	EndGlobalSection
EndGlobal
