
Microsoft Visual Studio Solution File, Format Version 12.00
# Visual Studio Version 17
VisualStudioVersion = 17.10.35013.160
MinimumVisualStudioVersion = 10.0.40219.1
Project("{9A19103F-16F7-4668-BE54-9A1E7A4F7556}") = "BackendTestApi", "BackendTestApi\BackendTestApi.csproj", "{ECFC90A7-25C9-4CC6-8879-D77CFF921FEB}"
EndProject
Project("{FAE04EC0-301F-11D3-BF4B-00C04F79EFBC}") = "Backend.Test.Services", "Backend.Test.Services\Backend.Test.Services.csproj", "{33148E58-6883-4515-B370-EBCE7F7C83D2}"
EndProject
Project("{FAE04EC0-301F-11D3-BF4B-00C04F79EFBC}") = "Backend.Test.Model", "Backend.Test.Model\Backend.Test.Model.csproj", "{BD28252D-6AC9-4B12-B2E5-43A730EFD633}"
EndProject
Project("{FAE04EC0-301F-11D3-BF4B-00C04F79EFBC}") = "Backend.Test.Persistance", "Backend.Test.Persistance\Backend.Test.Persistance.csproj", "{14D201B7-40F6-46C2-999B-4C0BBFBE9FFF}"
EndProject
Project("{FAE04EC0-301F-11D3-BF4B-00C04F79EFBC}") = "Backend.Test.Tests", "Backend.Test.Tests\Backend.Test.Tests.csproj", "{5EA507C1-DEBB-415B-95D2-07168F41362F}"
EndProject
Global
	GlobalSection(SolutionConfigurationPlatforms) = preSolution
		Debug|Any CPU = Debug|Any CPU
		Release|Any CPU = Release|Any CPU
	EndGlobalSection
	GlobalSection(ProjectConfigurationPlatforms) = postSolution
		{ECFC90A7-25C9-4CC6-8879-D77CFF921FEB}.Debug|Any CPU.ActiveCfg = Debug|Any CPU
		{ECFC90A7-25C9-4CC6-8879-D77CFF921FEB}.Debug|Any CPU.Build.0 = Debug|Any CPU
		{ECFC90A7-25C9-4CC6-8879-D77CFF921FEB}.Release|Any CPU.ActiveCfg = Release|Any CPU
		{ECFC90A7-25C9-4CC6-8879-D77CFF921FEB}.Release|Any CPU.Build.0 = Release|Any CPU
		{33148E58-6883-4515-B370-EBCE7F7C83D2}.Debug|Any CPU.ActiveCfg = Debug|Any CPU
		{33148E58-6883-4515-B370-EBCE7F7C83D2}.Debug|Any CPU.Build.0 = Debug|Any CPU
		{33148E58-6883-4515-B370-EBCE7F7C83D2}.Release|Any CPU.ActiveCfg = Release|Any CPU
		{33148E58-6883-4515-B370-EBCE7F7C83D2}.Release|Any CPU.Build.0 = Release|Any CPU
		{BD28252D-6AC9-4B12-B2E5-43A730EFD633}.Debug|Any CPU.ActiveCfg = Debug|Any CPU
		{BD28252D-6AC9-4B12-B2E5-43A730EFD633}.Debug|Any CPU.Build.0 = Debug|Any CPU
		{BD28252D-6AC9-4B12-B2E5-43A730EFD633}.Release|Any CPU.ActiveCfg = Release|Any CPU
		{BD28252D-6AC9-4B12-B2E5-43A730EFD633}.Release|Any CPU.Build.0 = Release|Any CPU
		{14D201B7-40F6-46C2-999B-4C0BBFBE9FFF}.Debug|Any CPU.ActiveCfg = Debug|Any CPU
		{14D201B7-40F6-46C2-999B-4C0BBFBE9FFF}.Debug|Any CPU.Build.0 = Debug|Any CPU
		{14D201B7-40F6-46C2-999B-4C0BBFBE9FFF}.Release|Any CPU.ActiveCfg = Release|Any CPU
		{14D201B7-40F6-46C2-999B-4C0BBFBE9FFF}.Release|Any CPU.Build.0 = Release|Any CPU
		{5EA507C1-DEBB-415B-95D2-07168F41362F}.Debug|Any CPU.ActiveCfg = Debug|Any CPU
		{5EA507C1-DEBB-415B-95D2-07168F41362F}.Debug|Any CPU.Build.0 = Debug|Any CPU
		{5EA507C1-DEBB-415B-95D2-07168F41362F}.Release|Any CPU.ActiveCfg = Release|Any CPU
		{5EA507C1-DEBB-415B-95D2-07168F41362F}.Release|Any CPU.Build.0 = Release|Any CPU
	EndGlobalSection
	GlobalSection(SolutionProperties) = preSolution
		HideSolutionNode = FALSE
	EndGlobalSection
	GlobalSection(ExtensibilityGlobals) = postSolution
		SolutionGuid = {EC4D8180-2211-46F5-8CC7-FC87DDBE1F13}
	EndGlobalSection
EndGlobal
